// !$*UTF8*$!
{
	archiveVersion = 1;
	classes = {
	};
	objectVersion = 56;
	objects = {

/* Begin PBXBuildFile section */
		2A3E134029A1DC6B006205D7 /* LocationSet.swift in Sources */ = {isa = PBXBuildFile; fileRef = 2A3E133F29A1DC6B006205D7 /* LocationSet.swift */; };
		2A5365E9298776290012D7C7 /* graphtestApp.swift in Sources */ = {isa = PBXBuildFile; fileRef = 2A5365E8298776290012D7C7 /* graphtestApp.swift */; };
		2A5365EB298776290012D7C7 /* ContentView.swift in Sources */ = {isa = PBXBuildFile; fileRef = 2A5365EA298776290012D7C7 /* ContentView.swift */; };
		2A5365ED2987762D0012D7C7 /* Assets.xcassets in Resources */ = {isa = PBXBuildFile; fileRef = 2A5365EC2987762D0012D7C7 /* Assets.xcassets */; };
		2A5365F02987762D0012D7C7 /* Preview Assets.xcassets in Resources */ = {isa = PBXBuildFile; fileRef = 2A5365EF2987762D0012D7C7 /* Preview Assets.xcassets */; };
		2A5365FA2987762D0012D7C7 /* graphtestTests.swift in Sources */ = {isa = PBXBuildFile; fileRef = 2A5365F92987762D0012D7C7 /* graphtestTests.swift */; };
		2A5366042987762D0012D7C7 /* graphtestUITests.swift in Sources */ = {isa = PBXBuildFile; fileRef = 2A5366032987762D0012D7C7 /* graphtestUITests.swift */; };
		2A5366062987762D0012D7C7 /* graphtestUITestsLaunchTests.swift in Sources */ = {isa = PBXBuildFile; fileRef = 2A5366052987762D0012D7C7 /* graphtestUITestsLaunchTests.swift */; };
		2AC2CEBF2990B42C00DF0B10 /* LocationManager.swift in Sources */ = {isa = PBXBuildFile; fileRef = 2AC2CEBE2990B42C00DF0B10 /* LocationManager.swift */; };
		2ACD65C7299A15F10058F278 /* Map.swift in Sources */ = {isa = PBXBuildFile; fileRef = 2ACD65C6299A15F10058F278 /* Map.swift */; };
		2ACD65CB299A1AAF0058F278 /* Charts.swift in Sources */ = {isa = PBXBuildFile; fileRef = 2ACD65CA299A1AAF0058F278 /* Charts.swift */; };
/* End PBXBuildFile section */

/* Begin PBXContainerItemProxy section */
		2A5365F62987762D0012D7C7 /* PBXContainerItemProxy */ = {
			isa = PBXContainerItemProxy;
			containerPortal = 2A5365DD298776290012D7C7 /* Project object */;
			proxyType = 1;
			remoteGlobalIDString = 2A5365E4298776290012D7C7;
			remoteInfo = graphtest;
		};
		2A5366002987762D0012D7C7 /* PBXContainerItemProxy */ = {
			isa = PBXContainerItemProxy;
			containerPortal = 2A5365DD298776290012D7C7 /* Project object */;
			proxyType = 1;
			remoteGlobalIDString = 2A5365E4298776290012D7C7;
			remoteInfo = graphtest;
		};
/* End PBXContainerItemProxy section */

/* Begin PBXFileReference section */
		2A3E133F29A1DC6B006205D7 /* LocationSet.swift */ = {isa = PBXFileReference; lastKnownFileType = sourcecode.swift; path = LocationSet.swift; sourceTree = "<group>"; };
		2A5365E5298776290012D7C7 /* graphtest.app */ = {isa = PBXFileReference; explicitFileType = wrapper.application; includeInIndex = 0; path = graphtest.app; sourceTree = BUILT_PRODUCTS_DIR; };
		2A5365E8298776290012D7C7 /* graphtestApp.swift */ = {isa = PBXFileReference; lastKnownFileType = sourcecode.swift; path = graphtestApp.swift; sourceTree = "<group>"; };
		2A5365EA298776290012D7C7 /* ContentView.swift */ = {isa = PBXFileReference; lastKnownFileType = sourcecode.swift; path = ContentView.swift; sourceTree = "<group>"; };
		2A5365EC2987762D0012D7C7 /* Assets.xcassets */ = {isa = PBXFileReference; lastKnownFileType = folder.assetcatalog; path = Assets.xcassets; sourceTree = "<group>"; };
		2A5365EF2987762D0012D7C7 /* Preview Assets.xcassets */ = {isa = PBXFileReference; lastKnownFileType = folder.assetcatalog; path = "Preview Assets.xcassets"; sourceTree = "<group>"; };
		2A5365F52987762D0012D7C7 /* graphtestTests.xctest */ = {isa = PBXFileReference; explicitFileType = wrapper.cfbundle; includeInIndex = 0; path = graphtestTests.xctest; sourceTree = BUILT_PRODUCTS_DIR; };
		2A5365F92987762D0012D7C7 /* graphtestTests.swift */ = {isa = PBXFileReference; lastKnownFileType = sourcecode.swift; path = graphtestTests.swift; sourceTree = "<group>"; };
		2A5365FF2987762D0012D7C7 /* graphtestUITests.xctest */ = {isa = PBXFileReference; explicitFileType = wrapper.cfbundle; includeInIndex = 0; path = graphtestUITests.xctest; sourceTree = BUILT_PRODUCTS_DIR; };
		2A5366032987762D0012D7C7 /* graphtestUITests.swift */ = {isa = PBXFileReference; lastKnownFileType = sourcecode.swift; path = graphtestUITests.swift; sourceTree = "<group>"; };
		2A5366052987762D0012D7C7 /* graphtestUITestsLaunchTests.swift */ = {isa = PBXFileReference; lastKnownFileType = sourcecode.swift; path = graphtestUITestsLaunchTests.swift; sourceTree = "<group>"; };
		2AC2CEBE2990B42C00DF0B10 /* LocationManager.swift */ = {isa = PBXFileReference; lastKnownFileType = sourcecode.swift; path = LocationManager.swift; sourceTree = "<group>"; };
		2AC2CEC02990BB4100DF0B10 /* Info.plist */ = {isa = PBXFileReference; lastKnownFileType = text.plist; path = Info.plist; sourceTree = "<group>"; };
		2ACD65C6299A15F10058F278 /* Map.swift */ = {isa = PBXFileReference; lastKnownFileType = sourcecode.swift; path = Map.swift; sourceTree = "<group>"; };
		2ACD65CA299A1AAF0058F278 /* Charts.swift */ = {isa = PBXFileReference; lastKnownFileType = sourcecode.swift; path = Charts.swift; sourceTree = "<group>"; };
/* End PBXFileReference section */

/* Begin PBXFrameworksBuildPhase section */
		2A5365E2298776290012D7C7 /* Frameworks */ = {
			isa = PBXFrameworksBuildPhase;
			buildActionMask = 2147483647;
			files = (
			);
			runOnlyForDeploymentPostprocessing = 0;
		};
		2A5365F22987762D0012D7C7 /* Frameworks */ = {
			isa = PBXFrameworksBuildPhase;
			buildActionMask = 2147483647;
			files = (
			);
			runOnlyForDeploymentPostprocessing = 0;
		};
		2A5365FC2987762D0012D7C7 /* Frameworks */ = {
			isa = PBXFrameworksBuildPhase;
			buildActionMask = 2147483647;
			files = (
			);
			runOnlyForDeploymentPostprocessing = 0;
		};
/* End PBXFrameworksBuildPhase section */

/* Begin PBXGroup section */
		2A5365DC298776290012D7C7 = {
			isa = PBXGroup;
			children = (
				2A5365E7298776290012D7C7 /* graphtest */,
				2A5365F82987762D0012D7C7 /* graphtestTests */,
				2A5366022987762D0012D7C7 /* graphtestUITests */,
				2A5365E6298776290012D7C7 /* Products */,
			);
			sourceTree = "<group>";
		};
		2A5365E6298776290012D7C7 /* Products */ = {
			isa = PBXGroup;
			children = (
				2A5365E5298776290012D7C7 /* graphtest.app */,
				2A5365F52987762D0012D7C7 /* graphtestTests.xctest */,
				2A5365FF2987762D0012D7C7 /* graphtestUITests.xctest */,
			);
			name = Products;
			sourceTree = "<group>";
		};
		2A5365E7298776290012D7C7 /* graphtest */ = {
			isa = PBXGroup;
			children = (
				2AC2CEC02990BB4100DF0B10 /* Info.plist */,
				2A5365E8298776290012D7C7 /* graphtestApp.swift */,
				2A5365EA298776290012D7C7 /* ContentView.swift */,
				2AC2CEBE2990B42C00DF0B10 /* LocationManager.swift */,
				2A3E133F29A1DC6B006205D7 /* LocationSet.swift */,
				2A5365EC2987762D0012D7C7 /* Assets.xcassets */,
				2A5365EE2987762D0012D7C7 /* Preview Content */,
				2ACD65C6299A15F10058F278 /* Map.swift */,
				2ACD65CA299A1AAF0058F278 /* Charts.swift */,
			);
			path = graphtest;
			sourceTree = "<group>";
		};
		2A5365EE2987762D0012D7C7 /* Preview Content */ = {
			isa = PBXGroup;
			children = (
				2A5365EF2987762D0012D7C7 /* Preview Assets.xcassets */,
			);
			path = "Preview Content";
			sourceTree = "<group>";
		};
		2A5365F82987762D0012D7C7 /* graphtestTests */ = {
			isa = PBXGroup;
			children = (
				2A5365F92987762D0012D7C7 /* graphtestTests.swift */,
			);
			path = graphtestTests;
			sourceTree = "<group>";
		};
		2A5366022987762D0012D7C7 /* graphtestUITests */ = {
			isa = PBXGroup;
			children = (
				2A5366032987762D0012D7C7 /* graphtestUITests.swift */,
				2A5366052987762D0012D7C7 /* graphtestUITestsLaunchTests.swift */,
			);
			path = graphtestUITests;
			sourceTree = "<group>";
		};
/* End PBXGroup section */

/* Begin PBXNativeTarget section */
		2A5365E4298776290012D7C7 /* graphtest */ = {
			isa = PBXNativeTarget;
			buildConfigurationList = 2A5366092987762D0012D7C7 /* Build configuration list for PBXNativeTarget "graphtest" */;
			buildPhases = (
				2A5365E1298776290012D7C7 /* Sources */,
				2A5365E2298776290012D7C7 /* Frameworks */,
				2A5365E3298776290012D7C7 /* Resources */,
			);
			buildRules = (
			);
			dependencies = (
			);
			name = graphtest;
			productName = graphtest;
			productReference = 2A5365E5298776290012D7C7 /* graphtest.app */;
			productType = "com.apple.product-type.application";
		};
		2A5365F42987762D0012D7C7 /* graphtestTests */ = {
			isa = PBXNativeTarget;
			buildConfigurationList = 2A53660C2987762D0012D7C7 /* Build configuration list for PBXNativeTarget "graphtestTests" */;
			buildPhases = (
				2A5365F12987762D0012D7C7 /* Sources */,
				2A5365F22987762D0012D7C7 /* Frameworks */,
				2A5365F32987762D0012D7C7 /* Resources */,
			);
			buildRules = (
			);
			dependencies = (
				2A5365F72987762D0012D7C7 /* PBXTargetDependency */,
			);
			name = graphtestTests;
			productName = graphtestTests;
			productReference = 2A5365F52987762D0012D7C7 /* graphtestTests.xctest */;
			productType = "com.apple.product-type.bundle.unit-test";
		};
		2A5365FE2987762D0012D7C7 /* graphtestUITests */ = {
			isa = PBXNativeTarget;
			buildConfigurationList = 2A53660F2987762D0012D7C7 /* Build configuration list for PBXNativeTarget "graphtestUITests" */;
			buildPhases = (
				2A5365FB2987762D0012D7C7 /* Sources */,
				2A5365FC2987762D0012D7C7 /* Frameworks */,
				2A5365FD2987762D0012D7C7 /* Resources */,
			);
			buildRules = (
			);
			dependencies = (
				2A5366012987762D0012D7C7 /* PBXTargetDependency */,
			);
			name = graphtestUITests;
			productName = graphtestUITests;
			productReference = 2A5365FF2987762D0012D7C7 /* graphtestUITests.xctest */;
			productType = "com.apple.product-type.bundle.ui-testing";
		};
/* End PBXNativeTarget section */

/* Begin PBXProject section */
		2A5365DD298776290012D7C7 /* Project object */ = {
			isa = PBXProject;
			attributes = {
				BuildIndependentTargetsInParallel = 1;
				LastSwiftUpdateCheck = 1420;
				LastUpgradeCheck = 1420;
				TargetAttributes = {
					2A5365E4298776290012D7C7 = {
						CreatedOnToolsVersion = 14.2;
					};
					2A5365F42987762D0012D7C7 = {
						CreatedOnToolsVersion = 14.2;
						TestTargetID = 2A5365E4298776290012D7C7;
					};
					2A5365FE2987762D0012D7C7 = {
						CreatedOnToolsVersion = 14.2;
						TestTargetID = 2A5365E4298776290012D7C7;
					};
				};
			};
			buildConfigurationList = 2A5365E0298776290012D7C7 /* Build configuration list for PBXProject "graphtest" */;
			compatibilityVersion = "Xcode 14.0";
			developmentRegion = en;
			hasScannedForEncodings = 0;
			knownRegions = (
				en,
				Base,
			);
			mainGroup = 2A5365DC298776290012D7C7;
			productRefGroup = 2A5365E6298776290012D7C7 /* Products */;
			projectDirPath = "";
			projectRoot = "";
			targets = (
				2A5365E4298776290012D7C7 /* graphtest */,
				2A5365F42987762D0012D7C7 /* graphtestTests */,
				2A5365FE2987762D0012D7C7 /* graphtestUITests */,
			);
		};
/* End PBXProject section */

/* Begin PBXResourcesBuildPhase section */
		2A5365E3298776290012D7C7 /* Resources */ = {
			isa = PBXResourcesBuildPhase;
			buildActionMask = 2147483647;
			files = (
				2A5365F02987762D0012D7C7 /* Preview Assets.xcassets in Resources */,
				2A5365ED2987762D0012D7C7 /* Assets.xcassets in Resources */,
			);
			runOnlyForDeploymentPostprocessing = 0;
		};
		2A5365F32987762D0012D7C7 /* Resources */ = {
			isa = PBXResourcesBuildPhase;
			buildActionMask = 2147483647;
			files = (
			);
			runOnlyForDeploymentPostprocessing = 0;
		};
		2A5365FD2987762D0012D7C7 /* Resources */ = {
			isa = PBXResourcesBuildPhase;
			buildActionMask = 2147483647;
			files = (
			);
			runOnlyForDeploymentPostprocessing = 0;
		};
/* End PBXResourcesBuildPhase section */

/* Begin PBXSourcesBuildPhase section */
		2A5365E1298776290012D7C7 /* Sources */ = {
			isa = PBXSourcesBuildPhase;
			buildActionMask = 2147483647;
			files = (
				2A5365EB298776290012D7C7 /* ContentView.swift in Sources */,
				2A3E134029A1DC6B006205D7 /* LocationSet.swift in Sources */,
				2A5365E9298776290012D7C7 /* graphtestApp.swift in Sources */,
				2ACD65C7299A15F10058F278 /* Map.swift in Sources */,
				2ACD65CB299A1AAF0058F278 /* Charts.swift in Sources */,
				2AC2CEBF2990B42C00DF0B10 /* LocationManager.swift in Sources */,
			);
			runOnlyForDeploymentPostprocessing = 0;
		};
		2A5365F12987762D0012D7C7 /* Sources */ = {
			isa = PBXSourcesBuildPhase;
			buildActionMask = 2147483647;
			files = (
				2A5365FA2987762D0012D7C7 /* graphtestTests.swift in Sources */,
			);
			runOnlyForDeploymentPostprocessing = 0;
		};
		2A5365FB2987762D0012D7C7 /* Sources */ = {
			isa = PBXSourcesBuildPhase;
			buildActionMask = 2147483647;
			files = (
				2A5366042987762D0012D7C7 /* graphtestUITests.swift in Sources */,
				2A5366062987762D0012D7C7 /* graphtestUITestsLaunchTests.swift in Sources */,
			);
			runOnlyForDeploymentPostprocessing = 0;
		};
/* End PBXSourcesBuildPhase section */

/* Begin PBXTargetDependency section */
		2A5365F72987762D0012D7C7 /* PBXTargetDependency */ = {
			isa = PBXTargetDependency;
			target = 2A5365E4298776290012D7C7 /* graphtest */;
			targetProxy = 2A5365F62987762D0012D7C7 /* PBXContainerItemProxy */;
		};
		2A5366012987762D0012D7C7 /* PBXTargetDependency */ = {
			isa = PBXTargetDependency;
			target = 2A5365E4298776290012D7C7 /* graphtest */;
			targetProxy = 2A5366002987762D0012D7C7 /* PBXContainerItemProxy */;
		};
/* End PBXTargetDependency section */

/* Begin XCBuildConfiguration section */
		2A5366072987762D0012D7C7 /* Debug */ = {
			isa = XCBuildConfiguration;
			buildSettings = {
				ALWAYS_SEARCH_USER_PATHS = NO;
				CLANG_ANALYZER_NONNULL = YES;
				CLANG_ANALYZER_NUMBER_OBJECT_CONVERSION = YES_AGGRESSIVE;
				CLANG_CXX_LANGUAGE_STANDARD = "gnu++20";
				CLANG_ENABLE_MODULES = YES;
				CLANG_ENABLE_OBJC_ARC = YES;
				CLANG_ENABLE_OBJC_WEAK = YES;
				CLANG_WARN_BLOCK_CAPTURE_AUTORELEASING = YES;
				CLANG_WARN_BOOL_CONVERSION = YES;
				CLANG_WARN_COMMA = YES;
				CLANG_WARN_CONSTANT_CONVERSION = YES;
				CLANG_WARN_DEPRECATED_OBJC_IMPLEMENTATIONS = YES;
				CLANG_WARN_DIRECT_OBJC_ISA_USAGE = YES_ERROR;
				CLANG_WARN_DOCUMENTATION_COMMENTS = YES;
				CLANG_WARN_EMPTY_BODY = YES;
				CLANG_WARN_ENUM_CONVERSION = YES;
				CLANG_WARN_INFINITE_RECURSION = YES;
				CLANG_WARN_INT_CONVERSION = YES;
				CLANG_WARN_NON_LITERAL_NULL_CONVERSION = YES;
				CLANG_WARN_OBJC_IMPLICIT_RETAIN_SELF = YES;
				CLANG_WARN_OBJC_LITERAL_CONVERSION = YES;
				CLANG_WARN_OBJC_ROOT_CLASS = YES_ERROR;
				CLANG_WARN_QUOTED_INCLUDE_IN_FRAMEWORK_HEADER = YES;
				CLANG_WARN_RANGE_LOOP_ANALYSIS = YES;
				CLANG_WARN_STRICT_PROTOTYPES = YES;
				CLANG_WARN_SUSPICIOUS_MOVE = YES;
				CLANG_WARN_UNGUARDED_AVAILABILITY = YES_AGGRESSIVE;
				CLANG_WARN_UNREACHABLE_CODE = YES;
				CLANG_WARN__DUPLICATE_METHOD_MATCH = YES;
				COPY_PHASE_STRIP = NO;
				DEBUG_INFORMATION_FORMAT = dwarf;
				ENABLE_STRICT_OBJC_MSGSEND = YES;
				ENABLE_TESTABILITY = YES;
				GCC_C_LANGUAGE_STANDARD = gnu11;
				GCC_DYNAMIC_NO_PIC = NO;
				GCC_NO_COMMON_BLOCKS = YES;
				GCC_OPTIMIZATION_LEVEL = 0;
				GCC_PREPROCESSOR_DEFINITIONS = (
					"DEBUG=1",
					"$(inherited)",
				);
				GCC_WARN_64_TO_32_BIT_CONVERSION = YES;
				GCC_WARN_ABOUT_RETURN_TYPE = YES_ERROR;
				GCC_WARN_UNDECLARED_SELECTOR = YES;
				GCC_WARN_UNINITIALIZED_AUTOS = YES_AGGRESSIVE;
				GCC_WARN_UNUSED_FUNCTION = YES;
				GCC_WARN_UNUSED_VARIABLE = YES;
				IPHONEOS_DEPLOYMENT_TARGET = 16.2;
				MTL_ENABLE_DEBUG_INFO = INCLUDE_SOURCE;
				MTL_FAST_MATH = YES;
				ONLY_ACTIVE_ARCH = YES;
				SDKROOT = iphoneos;
				SWIFT_ACTIVE_COMPILATION_CONDITIONS = DEBUG;
				SWIFT_OPTIMIZATION_LEVEL = "-Onone";
			};
			name = Debug;
		};
		2A5366082987762D0012D7C7 /* Release */ = {
			isa = XCBuildConfiguration;
			buildSettings = {
				ALWAYS_SEARCH_USER_PATHS = NO;
				CLANG_ANALYZER_NONNULL = YES;
				CLANG_ANALYZER_NUMBER_OBJECT_CONVERSION = YES_AGGRESSIVE;
				CLANG_CXX_LANGUAGE_STANDARD = "gnu++20";
				CLANG_ENABLE_MODULES = YES;
				CLANG_ENABLE_OBJC_ARC = YES;
				CLANG_ENABLE_OBJC_WEAK = YES;
				CLANG_WARN_BLOCK_CAPTURE_AUTORELEASING = YES;
				CLANG_WARN_BOOL_CONVERSION = YES;
				CLANG_WARN_COMMA = YES;
				CLANG_WARN_CONSTANT_CONVERSION = YES;
				CLANG_WARN_DEPRECATED_OBJC_IMPLEMENTATIONS = YES;
				CLANG_WARN_DIRECT_OBJC_ISA_USAGE = YES_ERROR;
				CLANG_WARN_DOCUMENTATION_COMMENTS = YES;
				CLANG_WARN_EMPTY_BODY = YES;
				CLANG_WARN_ENUM_CONVERSION = YES;
				CLANG_WARN_INFINITE_RECURSION = YES;
				CLANG_WARN_INT_CONVERSION = YES;
				CLANG_WARN_NON_LITERAL_NULL_CONVERSION = YES;
				CLANG_WARN_OBJC_IMPLICIT_RETAIN_SELF = YES;
				CLANG_WARN_OBJC_LITERAL_CONVERSION = YES;
				CLANG_WARN_OBJC_ROOT_CLASS = YES_ERROR;
				CLANG_WARN_QUOTED_INCLUDE_IN_FRAMEWORK_HEADER = YES;
				CLANG_WARN_RANGE_LOOP_ANALYSIS = YES;
				CLANG_WARN_STRICT_PROTOTYPES = YES;
				CLANG_WARN_SUSPICIOUS_MOVE = YES;
				CLANG_WARN_UNGUARDED_AVAILABILITY = YES_AGGRESSIVE;
				CLANG_WARN_UNREACHABLE_CODE = YES;
				CLANG_WARN__DUPLICATE_METHOD_MATCH = YES;
				COPY_PHASE_STRIP = NO;
				DEBUG_INFORMATION_FORMAT = "dwarf-with-dsym";
				ENABLE_NS_ASSERTIONS = NO;
				ENABLE_STRICT_OBJC_MSGSEND = YES;
				GCC_C_LANGUAGE_STANDARD = gnu11;
				GCC_NO_COMMON_BLOCKS = YES;
				GCC_WARN_64_TO_32_BIT_CONVERSION = YES;
				GCC_WARN_ABOUT_RETURN_TYPE = YES_ERROR;
				GCC_WARN_UNDECLARED_SELECTOR = YES;
				GCC_WARN_UNINITIALIZED_AUTOS = YES_AGGRESSIVE;
				GCC_WARN_UNUSED_FUNCTION = YES;
				GCC_WARN_UNUSED_VARIABLE = YES;
				IPHONEOS_DEPLOYMENT_TARGET = 16.2;
				MTL_ENABLE_DEBUG_INFO = NO;
				MTL_FAST_MATH = YES;
				SDKROOT = iphoneos;
				SWIFT_COMPILATION_MODE = wholemodule;
				SWIFT_OPTIMIZATION_LEVEL = "-O";
				VALIDATE_PRODUCT = YES;
			};
			name = Release;
		};
		2A53660A2987762D0012D7C7 /* Debug */ = {
			isa = XCBuildConfiguration;
			buildSettings = {
				ASSETCATALOG_COMPILER_APPICON_NAME = AppIcon;
				ASSETCATALOG_COMPILER_GLOBAL_ACCENT_COLOR_NAME = AccentColor;
				CODE_SIGN_STYLE = Automatic;
				CURRENT_PROJECT_VERSION = 1;
				DEVELOPMENT_ASSET_PATHS = "\"graphtest/Preview Content\"";
				DEVELOPMENT_TEAM = XY59D389WH;
				ENABLE_PREVIEWS = YES;
				GENERATE_INFOPLIST_FILE = YES;
				INFOPLIST_FILE = graphtest/Info.plist;
				INFOPLIST_KEY_CFBundleDisplayName = "";
				INFOPLIST_KEY_LSApplicationCategoryType = "";
				INFOPLIST_KEY_NSHumanReadableCopyright = "";
				INFOPLIST_KEY_NSLocationWhenInUseUsageDescription = sorry;
				INFOPLIST_KEY_UIApplicationSceneManifest_Generation = YES;
				INFOPLIST_KEY_UIApplicationSupportsIndirectInputEvents = YES;
				INFOPLIST_KEY_UILaunchScreen_Generation = YES;
				INFOPLIST_KEY_UISupportedInterfaceOrientations_iPad = "UIInterfaceOrientationPortrait UIInterfaceOrientationPortraitUpsideDown UIInterfaceOrientationLandscapeLeft UIInterfaceOrientationLandscapeRight";
				INFOPLIST_KEY_UISupportedInterfaceOrientations_iPhone = "UIInterfaceOrientationPortrait UIInterfaceOrientationLandscapeLeft UIInterfaceOrientationLandscapeRight";
				LD_RUNPATH_SEARCH_PATHS = (
					"$(inherited)",
					"@executable_path/Frameworks",
				);
				MARKETING_VERSION = 1.0;
				PRODUCT_BUNDLE_IDENTIFIER = ryoppy.graphtest;
				PRODUCT_NAME = "$(TARGET_NAME)";
				SWIFT_EMIT_LOC_STRINGS = YES;
				SWIFT_VERSION = 5.0;
				TARGETED_DEVICE_FAMILY = "1,2";
			};
			name = Debug;
		};
		2A53660B2987762D0012D7C7 /* Release */ = {
			isa = XCBuildConfiguration;
			buildSettings = {
				ASSETCATALOG_COMPILER_APPICON_NAME = AppIcon;
				ASSETCATALOG_COMPILER_GLOBAL_ACCENT_COLOR_NAME = AccentColor;
				CODE_SIGN_STYLE = Automatic;
				CURRENT_PROJECT_VERSION = 1;
				DEVELOPMENT_ASSET_PATHS = "\"graphtest/Preview Content\"";
				DEVELOPMENT_TEAM = XY59D389WH;
				ENABLE_PREVIEWS = YES;
				GENERATE_INFOPLIST_FILE = YES;
				INFOPLIST_FILE = graphtest/Info.plist;
				INFOPLIST_KEY_CFBundleDisplayName = "";
				INFOPLIST_KEY_LSApplicationCategoryType = "";
				INFOPLIST_KEY_NSHumanReadableCopyright = "";
				INFOPLIST_KEY_NSLocationWhenInUseUsageDescription = sorry;
				INFOPLIST_KEY_UIApplicationSceneManifest_Generation = YES;
				INFOPLIST_KEY_UIApplicationSupportsIndirectInputEvents = YES;
				INFOPLIST_KEY_UILaunchScreen_Generation = YES;
				INFOPLIST_KEY_UISupportedInterfaceOrientations_iPad = "UIInterfaceOrientationPortrait UIInterfaceOrientationPortraitUpsideDown UIInterfaceOrientationLandscapeLeft UIInterfaceOrientationLandscapeRight";
				INFOPLIST_KEY_UISupportedInterfaceOrientations_iPhone = "UIInterfaceOrientationPortrait UIInterfaceOrientationLandscapeLeft UIInterfaceOrientationLandscapeRight";
				LD_RUNPATH_SEARCH_PATHS = (
					"$(inherited)",
					"@executable_path/Frameworks",
				);
				MARKETING_VERSION = 1.0;
				PRODUCT_BUNDLE_IDENTIFIER = ryoppy.graphtest;
				PRODUCT_NAME = "$(TARGET_NAME)";
				SWIFT_EMIT_LOC_STRINGS = YES;
				SWIFT_VERSION = 5.0;
				TARGETED_DEVICE_FAMILY = "1,2";
			};
			name = Release;
		};
		2A53660D2987762D0012D7C7 /* Debug */ = {
			isa = XCBuildConfiguration;
			buildSettings = {
				ALWAYS_EMBED_SWIFT_STANDARD_LIBRARIES = YES;
				BUNDLE_LOADER = "$(TEST_HOST)";
				CODE_SIGN_STYLE = Automatic;
				CURRENT_PROJECT_VERSION = 1;
				DEVELOPMENT_TEAM = XY59D389WH;
				GENERATE_INFOPLIST_FILE = YES;
				IPHONEOS_DEPLOYMENT_TARGET = 16.2;
				MARKETING_VERSION = 1.0;
				PRODUCT_BUNDLE_IDENTIFIER = ryoppy.graphtestTests;
				PRODUCT_NAME = "$(TARGET_NAME)";
				SWIFT_EMIT_LOC_STRINGS = NO;
				SWIFT_VERSION = 5.0;
				TARGETED_DEVICE_FAMILY = "1,2";
				TEST_HOST = "$(BUILT_PRODUCTS_DIR)/graphtest.app/$(BUNDLE_EXECUTABLE_FOLDER_PATH)/graphtest";
			};
			name = Debug;
		};
		2A53660E2987762D0012D7C7 /* Release */ = {
			isa = XCBuildConfiguration;
			buildSettings = {
				ALWAYS_EMBED_SWIFT_STANDARD_LIBRARIES = YES;
				BUNDLE_LOADER = "$(TEST_HOST)";
				CODE_SIGN_STYLE = Automatic;
				CURRENT_PROJECT_VERSION = 1;
				DEVELOPMENT_TEAM = XY59D389WH;
				GENERATE_INFOPLIST_FILE = YES;
				IPHONEOS_DEPLOYMENT_TARGET = 16.2;
				MARKETING_VERSION = 1.0;
				PRODUCT_BUNDLE_IDENTIFIER = ryoppy.graphtestTests;
				PRODUCT_NAME = "$(TARGET_NAME)";
				SWIFT_EMIT_LOC_STRINGS = NO;
				SWIFT_VERSION = 5.0;
				TARGETED_DEVICE_FAMILY = "1,2";
				TEST_HOST = "$(BUILT_PRODUCTS_DIR)/graphtest.app/$(BUNDLE_EXECUTABLE_FOLDER_PATH)/graphtest";
			};
			name = Release;
		};
		2A5366102987762D0012D7C7 /* Debug */ = {
			isa = XCBuildConfiguration;
			buildSettings = {
				ALWAYS_EMBED_SWIFT_STANDARD_LIBRARIES = YES;
				CODE_SIGN_STYLE = Automatic;
				CURRENT_PROJECT_VERSION = 1;
				DEVELOPMENT_TEAM = XY59D389WH;
				GENERATE_INFOPLIST_FILE = YES;
				MARKETING_VERSION = 1.0;
				PRODUCT_BUNDLE_IDENTIFIER = ryoppy.graphtestUITests;
				PRODUCT_NAME = "$(TARGET_NAME)";
				SWIFT_EMIT_LOC_STRINGS = NO;
				SWIFT_VERSION = 5.0;
				TARGETED_DEVICE_FAMILY = "1,2";
				TEST_TARGET_NAME = graphtest;
			};
			name = Debug;
		};
		2A5366112987762D0012D7C7 /* Release */ = {
			isa = XCBuildConfiguration;
			buildSettings = {
				ALWAYS_EMBED_SWIFT_STANDARD_LIBRARIES = YES;
				CODE_SIGN_STYLE = Automatic;
				CURRENT_PROJECT_VERSION = 1;
				DEVELOPMENT_TEAM = XY59D389WH;
				GENERATE_INFOPLIST_FILE = YES;
				MARKETING_VERSION = 1.0;
				PRODUCT_BUNDLE_IDENTIFIER = ryoppy.graphtestUITests;
				PRODUCT_NAME = "$(TARGET_NAME)";
				SWIFT_EMIT_LOC_STRINGS = NO;
				SWIFT_VERSION = 5.0;
				TARGETED_DEVICE_FAMILY = "1,2";
				TEST_TARGET_NAME = graphtest;
			};
			name = Release;
		};
/* End XCBuildConfiguration section */

/* Begin XCConfigurationList section */
		2A5365E0298776290012D7C7 /* Build configuration list for PBXProject "graphtest" */ = {
			isa = XCConfigurationList;
			buildConfigurations = (
				2A5366072987762D0012D7C7 /* Debug */,
				2A5366082987762D0012D7C7 /* Release */,
			);
			defaultConfigurationIsVisible = 0;
			defaultConfigurationName = Release;
		};
		2A5366092987762D0012D7C7 /* Build configuration list for PBXNativeTarget "graphtest" */ = {
			isa = XCConfigurationList;
			buildConfigurations = (
				2A53660A2987762D0012D7C7 /* Debug */,
				2A53660B2987762D0012D7C7 /* Release */,
			);
			defaultConfigurationIsVisible = 0;
			defaultConfigurationName = Release;
		};
		2A53660C2987762D0012D7C7 /* Build configuration list for PBXNativeTarget "graphtestTests" */ = {
			isa = XCConfigurationList;
			buildConfigurations = (
				2A53660D2987762D0012D7C7 /* Debug */,
				2A53660E2987762D0012D7C7 /* Release */,
			);
			defaultConfigurationIsVisible = 0;
			defaultConfigurationName = Release;
		};
		2A53660F2987762D0012D7C7 /* Build configuration list for PBXNativeTarget "graphtestUITests" */ = {
			isa = XCConfigurationList;
			buildConfigurations = (
				2A5366102987762D0012D7C7 /* Debug */,
				2A5366112987762D0012D7C7 /* Release */,
			);
			defaultConfigurationIsVisible = 0;
			defaultConfigurationName = Release;
		};
/* End XCConfigurationList section */
	};
	rootObject = 2A5365DD298776290012D7C7 /* Project object */;
}
